
Microsoft Visual Studio Solution File, Format Version 12.00
# Visual Studio Version 16
VisualStudioVersion = 16.0.810.25
MinimumVisualStudioVersion = 10.0.40219.1
Project("{FAE04EC0-301F-11D3-BF4B-00C04F79EFBC}") = "NetworkInformation", "NetworkInformation.csproj", "{6B05C7C4-C08B-4062-A4C4-E99FEC832BBE}"
EndProject
Global
	GlobalSection(SolutionConfigurationPlatforms) = preSolution
		Debug|Any CPU = Debug|Any CPU
		Release|Any CPU = Release|Any CPU
	EndGlobalSection
	GlobalSection(ProjectConfigurationPlatforms) = postSolution
		{6B05C7C4-C08B-4062-A4C4-E99FEC832BBE}.Debug|Any CPU.ActiveCfg = Debug|Any CPU
		{6B05C7C4-C08B-4062-A4C4-E99FEC832BBE}.Debug|Any CPU.Build.0 = Debug|Any CPU
		{6B05C7C4-C08B-4062-A4C4-E99FEC832BBE}.Release|Any CPU.ActiveCfg = Release|Any CPU
		{6B05C7C4-C08B-4062-A4C4-E99FEC832BBE}.Release|Any CPU.Build.0 = Release|Any CPU
	EndGlobalSection
	GlobalSection(SolutionProperties) = preSolution
		HideSolutionNode = FALSE
	EndGlobalSection
	GlobalSection(ExtensibilityGlobals) = postSolution
		SolutionGuid = {FDD47418-8365-48A8-BA6E-4409FECFCBA2}
	EndGlobalSection
EndGlobal
